
Microsoft Visual Studio Solution File, Format Version 12.00
# Visual Studio Version 16
VisualStudioVersion = 16.0.32106.194
MinimumVisualStudioVersion = 10.0.40219.1
Project("{FAE04EC0-301F-11D3-BF4B-00C04F79EFBC}") = "FlappyBird223", "FlappyBird223\FlappyBird223.csproj", "{1E970C29-9055-4E92-A630-1AF4DFC8F568}"
EndProject
Global
	GlobalSection(SolutionConfigurationPlatforms) = preSolution
		Debug|Any CPU = Debug|Any CPU
		Release|Any CPU = Release|Any CPU
	EndGlobalSection
	GlobalSection(ProjectConfigurationPlatforms) = postSolution
		{1E970C29-9055-4E92-A630-1AF4DFC8F568}.Debug|Any CPU.ActiveCfg = Debug|Any CPU
		{1E970C29-9055-4E92-A630-1AF4DFC8F568}.Debug|Any CPU.Build.0 = Debug|Any CPU
		{1E970C29-9055-4E92-A630-1AF4DFC8F568}.Release|Any CPU.ActiveCfg = Release|Any CPU
		{1E970C29-9055-4E92-A630-1AF4DFC8F568}.Release|Any CPU.Build.0 = Release|Any CPU
	EndGlobalSection
	GlobalSection(SolutionProperties) = preSolution
		HideSolutionNode = FALSE
	EndGlobalSection
	GlobalSection(ExtensibilityGlobals) = postSolution
		SolutionGuid = {317362C6-A437-420D-9AE9-08C2F4A90EB2}
	EndGlobalSection
EndGlobal
